
Microsoft Visual Studio Solution File, Format Version 12.00
# Visual Studio Version 17
VisualStudioVersion = 17.2.32630.192
MinimumVisualStudioVersion = 10.0.40219.1
Project("{FAE04EC0-301F-11D3-BF4B-00C04F79EFBC}") = "SandboxWebApi", "SandboxWebApi\SandboxWebApi.csproj", "{EFFC8963-8C7C-4711-8C03-FEEF63AF873E}"
EndProject
Global
	GlobalSection(SolutionConfigurationPlatforms) = preSolution
		Debug|Any CPU = Debug|Any CPU
		Release|Any CPU = Release|Any CPU
	EndGlobalSection
	GlobalSection(ProjectConfigurationPlatforms) = postSolution
		{EFFC8963-8C7C-4711-8C03-FEEF63AF873E}.Debug|Any CPU.ActiveCfg = Debug|Any CPU
		{EFFC8963-8C7C-4711-8C03-FEEF63AF873E}.Debug|Any CPU.Build.0 = Debug|Any CPU
		{EFFC8963-8C7C-4711-8C03-FEEF63AF873E}.Release|Any CPU.ActiveCfg = Release|Any CPU
		{EFFC8963-8C7C-4711-8C03-FEEF63AF873E}.Release|Any CPU.Build.0 = Release|Any CPU
	EndGlobalSection
	GlobalSection(SolutionProperties) = preSolution
		HideSolutionNode = FALSE
	EndGlobalSection
	GlobalSection(ExtensibilityGlobals) = postSolution
		SolutionGuid = {92A4BE57-1528-4D2B-8053-7D80E99AC638}
	EndGlobalSection
EndGlobal
